
Microsoft Visual Studio Solution File, Format Version 12.00
# Visual Studio Version 17
VisualStudioVersion = 17.0.32112.339
MinimumVisualStudioVersion = 10.0.40219.1
Project("{FAE04EC0-301F-11D3-BF4B-00C04F79EFBC}") = "WinCeps", "WinCeps\WinCeps.csproj", "{7FB4596A-019D-46DC-9A7F-F09F5DEC689E}"
EndProject
Project("{FAE04EC0-301F-11D3-BF4B-00C04F79EFBC}") = "CEPBLLs", "CEPBLLs\CEPBLLs.csproj", "{B0CD0BEC-5932-4C8B-9AFC-20E518DD5223}"
EndProject
Global
	GlobalSection(SolutionConfigurationPlatforms) = preSolution
		Debug|Any CPU = Debug|Any CPU
		Release|Any CPU = Release|Any CPU
	EndGlobalSection
	GlobalSection(ProjectConfigurationPlatforms) = postSolution
		{7FB4596A-019D-46DC-9A7F-F09F5DEC689E}.Debug|Any CPU.ActiveCfg = Debug|Any CPU
		{7FB4596A-019D-46DC-9A7F-F09F5DEC689E}.Debug|Any CPU.Build.0 = Debug|Any CPU
		{7FB4596A-019D-46DC-9A7F-F09F5DEC689E}.Release|Any CPU.ActiveCfg = Release|Any CPU
		{7FB4596A-019D-46DC-9A7F-F09F5DEC689E}.Release|Any CPU.Build.0 = Release|Any CPU
		{B0CD0BEC-5932-4C8B-9AFC-20E518DD5223}.Debug|Any CPU.ActiveCfg = Debug|Any CPU
		{B0CD0BEC-5932-4C8B-9AFC-20E518DD5223}.Debug|Any CPU.Build.0 = Debug|Any CPU
		{B0CD0BEC-5932-4C8B-9AFC-20E518DD5223}.Release|Any CPU.ActiveCfg = Release|Any CPU
		{B0CD0BEC-5932-4C8B-9AFC-20E518DD5223}.Release|Any CPU.Build.0 = Release|Any CPU
	EndGlobalSection
	GlobalSection(SolutionProperties) = preSolution
		HideSolutionNode = FALSE
	EndGlobalSection
	GlobalSection(ExtensibilityGlobals) = postSolution
		SolutionGuid = {4948999C-3463-4C80-8109-A9A08A35AFF3}
	EndGlobalSection
EndGlobal
